{
    "_readme": [
        "This file locks the dependencies of your project to a known state",
        "Read more about it at https://getcomposer.org/doc/01-basic-usage.md#installing-dependencies",
        "This file is @generated automatically"
    ],
    "content-hash": "923d1dbcd526bac06267930ebef8b07d",
    "packages": [
        {
            "name": "dantleech/invoke",
            "version": "2.0.0",
            "source": {
                "type": "git",
                "url": "https://github.com/dantleech/invoke.git",
                "reference": "9b002d746d2c1b86cfa63a47bb5909cee58ef50c"
            },
            "dist": {
                "type": "zip",
                "url": "https://api.github.com/repos/dantleech/invoke/zipball/9b002d746d2c1b86cfa63a47bb5909cee58ef50c",
                "reference": "9b002d746d2c1b86cfa63a47bb5909cee58ef50c",
                "shasum": ""
            },
            "require": {
                "php": "^7.2||^8.0"
            },
            "require-dev": {
                "friendsofphp/php-cs-fixer": "^2.13",
                "phpbench/phpbench": "^1.0",
                "phpstan/phpstan": "^0.12.0",
                "phpunit/phpunit": "^8.0"
            },
            "type": "library",
            "extra": {
                "branch-alias": {
                    "dev-master": "1.2-dev"
                }
            },
            "autoload": {
                "psr-4": {
                    "DTL\\Invoke\\": "src/"
                }
            },
            "notification-url": "https://packagist.org/downloads/",
            "license": [
                "MIT"
            ],
            "authors": [
                {
                    "name": "daniel leech",
                    "email": "daniel@dantleech.com"
                }
            ],
            "description": "Emulate named parameters",
            "support": {
                "issues": "https://github.com/dantleech/invoke/issues",
                "source": "https://github.com/dantleech/invoke/tree/2.0.0"
            },
            "time": "2021-05-01T17:22:58+00:00"
        },
        {
            "name": "nikic/php-parser",
            "version": "v4.16.0",
            "source": {
                "type": "git",
                "url": "https://github.com/nikic/PHP-Parser.git",
                "reference": "19526a33fb561ef417e822e85f08a00db4059c17"
            },
            "dist": {
                "type": "zip",
                "url": "https://api.github.com/repos/nikic/PHP-Parser/zipball/19526a33fb561ef417e822e85f08a00db4059c17",
                "reference": "19526a33fb561ef417e822e85f08a00db4059c17",
                "shasum": ""
            },
            "require": {
                "ext-tokenizer": "*",
                "php": ">=7.0"
            },
            "require-dev": {
                "ircmaxell/php-yacc": "^0.0.7",
                "phpunit/phpunit": "^6.5 || ^7.0 || ^8.0 || ^9.0"
            },
            "bin": [
                "bin/php-parse"
            ],
            "type": "library",
            "extra": {
                "branch-alias": {
                    "dev-master": "4.9-dev"
                }
            },
            "autoload": {
                "psr-4": {
                    "PhpParser\\": "lib/PhpParser"
                }
            },
            "notification-url": "https://packagist.org/downloads/",
            "license": [
                "BSD-3-Clause"
            ],
            "authors": [
                {
                    "name": "Nikita Popov"
                }
            ],
            "description": "A PHP parser written in PHP",
            "keywords": [
                "parser",
                "php"
            ],
            "support": {
                "issues": "https://github.com/nikic/PHP-Parser/issues",
                "source": "https://github.com/nikic/PHP-Parser/tree/v4.16.0"
            },
            "time": "2023-06-25T14:52:30+00:00"
        },
        {
            "name": "phpactor/language-server-protocol",
            "version": "3.17.3",
            "source": {
                "type": "git",
                "url": "https://github.com/phpactor/language-server-protocol.git",
                "reference": "065fc70b6a26a8d78e034f7db92c8872367356df"
            },
            "dist": {
                "type": "zip",
                "url": "https://api.github.com/repos/phpactor/language-server-protocol/zipball/065fc70b6a26a8d78e034f7db92c8872367356df",
                "reference": "065fc70b6a26a8d78e034f7db92c8872367356df",
                "shasum": ""
            },
            "require": {
                "dantleech/invoke": "^2.0",
                "php": "^7.3 || ^8.0"
            },
            "require-dev": {
                "ergebnis/composer-normalize": "^2.0",
                "friendsofphp/php-cs-fixer": "^2.17",
                "phpstan/phpstan": "~0.12.0",
                "phpunit/phpunit": "^9.2"
            },
            "type": "library",
            "extra": {
                "branch-alias": {
                    "dev-master": "0.3.x-dev"
                }
            },
            "autoload": {
                "psr-4": {
                    "Phpactor\\LanguageServerProtocol\\": "src/"
                }
            },
            "notification-url": "https://packagist.org/downloads/",
            "license": [
                "MIT"
            ],
            "authors": [
                {
                    "name": "Daniel Leech",
                    "email": "daniel@dantleech.com"
                }
            ],
            "description": "Langauge Server Protocol for PHP (transpiled)",
            "support": {
                "issues": "https://github.com/phpactor/language-server-protocol/issues",
                "source": "https://github.com/phpactor/language-server-protocol/tree/3.17.3"
            },
            "time": "2023-03-11T13:19:45+00:00"
        },
        {
            "name": "pxp/parser",
            "version": "v0.0.4",
            "source": {
                "type": "git",
                "url": "https://github.com/pxp-lang/parser.git",
                "reference": "826ef8a6892c4c5851bde91ceeb441e94cedcde3"
            },
            "dist": {
                "type": "zip",
                "url": "https://api.github.com/repos/pxp-lang/parser/zipball/826ef8a6892c4c5851bde91ceeb441e94cedcde3",
                "reference": "826ef8a6892c4c5851bde91ceeb441e94cedcde3",
                "shasum": ""
            },
            "require": {
                "ext-tokenizer": "*",
                "nikic/php-parser": "^4.15",
                "php": "^8.1"
            },
            "require-dev": {
                "ircmaxell/php-yacc": "^0.0.7",
                "laravel/pint": "^1.10",
                "pestphp/pest": "^2.6",
                "phpstan/phpstan": "^1.10",
                "phpunit/phpunit": "^10.0",
                "symfony/var-dumper": "^6.2"
            },
            "type": "library",
            "autoload": {
                "psr-4": {
                    "Pxp\\Parser\\": "src"
                }
            },
            "notification-url": "https://packagist.org/downloads/",
            "license": [
                "BSD-3-Clause"
            ],
            "authors": [
                {
                    "name": "Ryan Chandler",
                    "email": "support@ryangjchandler.co.uk"
                }
            ],
            "description": "The parser for PXP, extended from nikic/PHP-Parser.",
            "keywords": [
                "parser",
                "php",
                "pxp"
            ],
            "support": {
                "source": "https://github.com/pxp-lang/parser/tree/v0.0.4"
            },
            "time": "2023-05-19T15:17:42+00:00"
        }
    ],
    "packages-dev": [
        {
            "name": "symfony/polyfill-mbstring",
            "version": "v1.27.0",
            "source": {
                "type": "git",
                "url": "https://github.com/symfony/polyfill-mbstring.git",
                "reference": "8ad114f6b39e2c98a8b0e3bd907732c207c2b534"
            },
            "dist": {
                "type": "zip",
                "url": "https://api.github.com/repos/symfony/polyfill-mbstring/zipball/8ad114f6b39e2c98a8b0e3bd907732c207c2b534",
                "reference": "8ad114f6b39e2c98a8b0e3bd907732c207c2b534",
                "shasum": ""
            },
            "require": {
                "php": ">=7.1"
            },
            "provide": {
                "ext-mbstring": "*"
            },
            "suggest": {
                "ext-mbstring": "For best performance"
            },
            "type": "library",
            "extra": {
                "branch-alias": {
                    "dev-main": "1.27-dev"
                },
                "thanks": {
                    "name": "symfony/polyfill",
                    "url": "https://github.com/symfony/polyfill"
                }
            },
            "autoload": {
                "files": [
                    "bootstrap.php"
                ],
                "psr-4": {
                    "Symfony\\Polyfill\\Mbstring\\": ""
                }
            },
            "notification-url": "https://packagist.org/downloads/",
            "license": [
                "MIT"
            ],
            "authors": [
                {
                    "name": "Nicolas Grekas",
                    "email": "p@tchwork.com"
                },
                {
                    "name": "Symfony Community",
                    "homepage": "https://symfony.com/contributors"
                }
            ],
            "description": "Symfony polyfill for the Mbstring extension",
            "homepage": "https://symfony.com",
            "keywords": [
                "compatibility",
                "mbstring",
                "polyfill",
                "portable",
                "shim"
            ],
            "support": {
                "source": "https://github.com/symfony/polyfill-mbstring/tree/v1.27.0"
            },
            "funding": [
                {
                    "url": "https://symfony.com/sponsor",
                    "type": "custom"
                },
                {
                    "url": "https://github.com/fabpot",
                    "type": "github"
                },
                {
                    "url": "https://tidelift.com/funding/github/packagist/symfony/symfony",
                    "type": "tidelift"
                }
            ],
            "time": "2022-11-03T14:55:06+00:00"
        },
        {
            "name": "symfony/var-dumper",
            "version": "v6.3.1",
            "source": {
                "type": "git",
                "url": "https://github.com/symfony/var-dumper.git",
                "reference": "c81268d6960ddb47af17391a27d222bd58cf0515"
            },
            "dist": {
                "type": "zip",
                "url": "https://api.github.com/repos/symfony/var-dumper/zipball/c81268d6960ddb47af17391a27d222bd58cf0515",
                "reference": "c81268d6960ddb47af17391a27d222bd58cf0515",
                "shasum": ""
            },
            "require": {
                "php": ">=8.1",
                "symfony/polyfill-mbstring": "~1.0"
            },
            "conflict": {
                "symfony/console": "<5.4"
            },
            "require-dev": {
                "ext-iconv": "*",
                "symfony/console": "^5.4|^6.0",
                "symfony/process": "^5.4|^6.0",
                "symfony/uid": "^5.4|^6.0",
                "twig/twig": "^2.13|^3.0.4"
            },
            "bin": [
                "Resources/bin/var-dump-server"
            ],
            "type": "library",
            "autoload": {
                "files": [
                    "Resources/functions/dump.php"
                ],
                "psr-4": {
                    "Symfony\\Component\\VarDumper\\": ""
                },
                "exclude-from-classmap": [
                    "/Tests/"
                ]
            },
            "notification-url": "https://packagist.org/downloads/",
            "license": [
                "MIT"
            ],
            "authors": [
                {
                    "name": "Nicolas Grekas",
                    "email": "p@tchwork.com"
                },
                {
                    "name": "Symfony Community",
                    "homepage": "https://symfony.com/contributors"
                }
            ],
            "description": "Provides mechanisms for walking through any arbitrary PHP variable",
            "homepage": "https://symfony.com",
            "keywords": [
                "debug",
                "dump"
            ],
            "support": {
                "source": "https://github.com/symfony/var-dumper/tree/v6.3.1"
            },
            "funding": [
                {
                    "url": "https://symfony.com/sponsor",
                    "type": "custom"
                },
                {
                    "url": "https://github.com/fabpot",
                    "type": "github"
                },
                {
                    "url": "https://tidelift.com/funding/github/packagist/symfony/symfony",
                    "type": "tidelift"
                }
            ],
            "time": "2023-06-21T12:08:28+00:00"
        }
    ],
    "aliases": [],
    "minimum-stability": "stable",
    "stability-flags": [],
    "prefer-stable": false,
    "prefer-lowest": false,
    "platform": [],
    "platform-dev": [],
    "plugin-api-version": "2.3.0"
}
